// !$*UTF8*$!
{
	archiveVersion = 1;
	classes = {
	};
	objectVersion = 50;
	objects = {

/* Begin PBXBuildFile section */
		67288781264D4FFE0070027A /* UI_184App.swift in Sources */ = {isa = PBXBuildFile; fileRef = 67288780264D4FFE0070027A /* UI_184App.swift */; };
		67288783264D4FFE0070027A /* ContentView.swift in Sources */ = {isa = PBXBuildFile; fileRef = 67288782264D4FFE0070027A /* ContentView.swift */; };
		67288785264D50000070027A /* Assets.xcassets in Resources */ = {isa = PBXBuildFile; fileRef = 67288784264D50000070027A /* Assets.xcassets */; };
		67288788264D50000070027A /* Preview Assets.xcassets in Resources */ = {isa = PBXBuildFile; fileRef = 67288787264D50000070027A /* Preview Assets.xcassets */; };
		67288791264D588D0070027A /* Song.swift in Sources */ = {isa = PBXBuildFile; fileRef = 67288790264D588D0070027A /* Song.swift */; };
		67288794264D58BD0070027A /* Home.swift in Sources */ = {isa = PBXBuildFile; fileRef = 67288793264D58BD0070027A /* Home.swift */; };
		67288796264D62F30070027A /* SlideTabButtonView.swift in Sources */ = {isa = PBXBuildFile; fileRef = 67288795264D62F30070027A /* SlideTabButtonView.swift */; };
/* End PBXBuildFile section */

/* Begin PBXFileReference section */
		6728877D264D4FFE0070027A /* UI-184.app */ = {isa = PBXFileReference; explicitFileType = wrapper.application; includeInIndex = 0; path = "UI-184.app"; sourceTree = BUILT_PRODUCTS_DIR; };
		67288780264D4FFE0070027A /* UI_184App.swift */ = {isa = PBXFileReference; lastKnownFileType = sourcecode.swift; path = UI_184App.swift; sourceTree = "<group>"; };
		67288782264D4FFE0070027A /* ContentView.swift */ = {isa = PBXFileReference; lastKnownFileType = sourcecode.swift; path = ContentView.swift; sourceTree = "<group>"; };
		67288784264D50000070027A /* Assets.xcassets */ = {isa = PBXFileReference; lastKnownFileType = folder.assetcatalog; path = Assets.xcassets; sourceTree = "<group>"; };
		67288787264D50000070027A /* Preview Assets.xcassets */ = {isa = PBXFileReference; lastKnownFileType = folder.assetcatalog; path = "Preview Assets.xcassets"; sourceTree = "<group>"; };
		67288789264D50000070027A /* Info.plist */ = {isa = PBXFileReference; lastKnownFileType = text.plist.xml; path = Info.plist; sourceTree = "<group>"; };
		67288790264D588D0070027A /* Song.swift */ = {isa = PBXFileReference; lastKnownFileType = sourcecode.swift; name = Song.swift; path = ../../../Song.swift; sourceTree = "<group>"; };
		67288793264D58BD0070027A /* Home.swift */ = {isa = PBXFileReference; lastKnownFileType = sourcecode.swift; path = Home.swift; sourceTree = "<group>"; };
		67288795264D62F30070027A /* SlideTabButtonView.swift */ = {isa = PBXFileReference; lastKnownFileType = sourcecode.swift; path = SlideTabButtonView.swift; sourceTree = "<group>"; };
/* End PBXFileReference section */

/* Begin PBXFrameworksBuildPhase section */
		6728877A264D4FFE0070027A /* Frameworks */ = {
			isa = PBXFrameworksBuildPhase;
			buildActionMask = 2147483647;
			files = (
			);
			runOnlyForDeploymentPostprocessing = 0;
		};
/* End PBXFrameworksBuildPhase section */

/* Begin PBXGroup section */
		67288774264D4FFE0070027A = {
			isa = PBXGroup;
			children = (
				6728877F264D4FFE0070027A /* UI-184 */,
				6728877E264D4FFE0070027A /* Products */,
			);
			sourceTree = "<group>";
		};
		6728877E264D4FFE0070027A /* Products */ = {
			isa = PBXGroup;
			children = (
				6728877D264D4FFE0070027A /* UI-184.app */,
			);
			name = Products;
			sourceTree = "<group>";
		};
		6728877F264D4FFE0070027A /* UI-184 */ = {
			isa = PBXGroup;
			children = (
				67288792264D58AC0070027A /* View */,
				6728878F264D58830070027A /* Model */,
				67288780264D4FFE0070027A /* UI_184App.swift */,
				67288782264D4FFE0070027A /* ContentView.swift */,
				67288784264D50000070027A /* Assets.xcassets */,
				67288789264D50000070027A /* Info.plist */,
				67288786264D50000070027A /* Preview Content */,
			);
			path = "UI-184";
			sourceTree = "<group>";
		};
		67288786264D50000070027A /* Preview Content */ = {
			isa = PBXGroup;
			children = (
				67288787264D50000070027A /* Preview Assets.xcassets */,
			);
			path = "Preview Content";
			sourceTree = "<group>";
		};
		6728878F264D58830070027A /* Model */ = {
			isa = PBXGroup;
			children = (
				67288790264D588D0070027A /* Song.swift */,
			);
			path = Model;
			sourceTree = "<group>";
		};
		67288792264D58AC0070027A /* View */ = {
			isa = PBXGroup;
			children = (
				67288793264D58BD0070027A /* Home.swift */,
				67288795264D62F30070027A /* SlideTabButtonView.swift */,
			);
			path = View;
			sourceTree = "<group>";
		};
/* End PBXGroup section */

/* Begin PBXNativeTarget section */
		6728877C264D4FFE0070027A /* UI-184 */ = {
			isa = PBXNativeTarget;
			buildConfigurationList = 6728878C264D50000070027A /* Build configuration list for PBXNativeTarget "UI-184" */;
			buildPhases = (
				67288779264D4FFE0070027A /* Sources */,
				6728877A264D4FFE0070027A /* Frameworks */,
				6728877B264D4FFE0070027A /* Resources */,
			);
			buildRules = (
			);
			dependencies = (
			);
			name = "UI-184";
			productName = "UI-184";
			productReference = 6728877D264D4FFE0070027A /* UI-184.app */;
			productType = "com.apple.product-type.application";
		};
/* End PBXNativeTarget section */

/* Begin PBXProject section */
		67288775264D4FFE0070027A /* Project object */ = {
			isa = PBXProject;
			attributes = {
				LastSwiftUpdateCheck = 1250;
				LastUpgradeCheck = 1250;
				TargetAttributes = {
					6728877C264D4FFE0070027A = {
						CreatedOnToolsVersion = 12.5;
					};
				};
			};
			buildConfigurationList = 67288778264D4FFE0070027A /* Build configuration list for PBXProject "UI-184" */;
			compatibilityVersion = "Xcode 9.3";
			developmentRegion = en;
			hasScannedForEncodings = 0;
			knownRegions = (
				en,
				Base,
			);
			mainGroup = 67288774264D4FFE0070027A;
			productRefGroup = 6728877E264D4FFE0070027A /* Products */;
			projectDirPath = "";
			projectRoot = "";
			targets = (
				6728877C264D4FFE0070027A /* UI-184 */,
			);
		};
/* End PBXProject section */

/* Begin PBXResourcesBuildPhase section */
		6728877B264D4FFE0070027A /* Resources */ = {
			isa = PBXResourcesBuildPhase;
			buildActionMask = 2147483647;
			files = (
				67288788264D50000070027A /* Preview Assets.xcassets in Resources */,
				67288785264D50000070027A /* Assets.xcassets in Resources */,
			);
			runOnlyForDeploymentPostprocessing = 0;
		};
/* End PBXResourcesBuildPhase section */

/* Begin PBXSourcesBuildPhase section */
		67288779264D4FFE0070027A /* Sources */ = {
			isa = PBXSourcesBuildPhase;
			buildActionMask = 2147483647;
			files = (
				67288791264D588D0070027A /* Song.swift in Sources */,
				67288783264D4FFE0070027A /* ContentView.swift in Sources */,
				67288796264D62F30070027A /* SlideTabButtonView.swift in Sources */,
				67288794264D58BD0070027A /* Home.swift in Sources */,
				67288781264D4FFE0070027A /* UI_184App.swift in Sources */,
			);
			runOnlyForDeploymentPostprocessing = 0;
		};
/* End PBXSourcesBuildPhase section */

/* Begin XCBuildConfiguration section */
		6728878A264D50000070027A /* Debug */ = {
			isa = XCBuildConfiguration;
			buildSettings = {
				ALWAYS_SEARCH_USER_PATHS = NO;
				CLANG_ANALYZER_NONNULL = YES;
				CLANG_ANALYZER_NUMBER_OBJECT_CONVERSION = YES_AGGRESSIVE;
				CLANG_CXX_LANGUAGE_STANDARD = "gnu++14";
				CLANG_CXX_LIBRARY = "libc++";
				CLANG_ENABLE_MODULES = YES;
				CLANG_ENABLE_OBJC_ARC = YES;
				CLANG_ENABLE_OBJC_WEAK = YES;
				CLANG_WARN_BLOCK_CAPTURE_AUTORELEASING = YES;
				CLANG_WARN_BOOL_CONVERSION = YES;
				CLANG_WARN_COMMA = YES;
				CLANG_WARN_CONSTANT_CONVERSION = YES;
				CLANG_WARN_DEPRECATED_OBJC_IMPLEMENTATIONS = YES;
				CLANG_WARN_DIRECT_OBJC_ISA_USAGE = YES_ERROR;
				CLANG_WARN_DOCUMENTATION_COMMENTS = YES;
				CLANG_WARN_EMPTY_BODY = YES;
				CLANG_WARN_ENUM_CONVERSION = YES;
				CLANG_WARN_INFINITE_RECURSION = YES;
				CLANG_WARN_INT_CONVERSION = YES;
				CLANG_WARN_NON_LITERAL_NULL_CONVERSION = YES;
				CLANG_WARN_OBJC_IMPLICIT_RETAIN_SELF = YES;
				CLANG_WARN_OBJC_LITERAL_CONVERSION = YES;
				CLANG_WARN_OBJC_ROOT_CLASS = YES_ERROR;
				CLANG_WARN_QUOTED_INCLUDE_IN_FRAMEWORK_HEADER = YES;
				CLANG_WARN_RANGE_LOOP_ANALYSIS = YES;
				CLANG_WARN_STRICT_PROTOTYPES = YES;
				CLANG_WARN_SUSPICIOUS_MOVE = YES;
				CLANG_WARN_UNGUARDED_AVAILABILITY = YES_AGGRESSIVE;
				CLANG_WARN_UNREACHABLE_CODE = YES;
				CLANG_WARN__DUPLICATE_METHOD_MATCH = YES;
				COPY_PHASE_STRIP = NO;
				DEBUG_INFORMATION_FORMAT = dwarf;
				ENABLE_STRICT_OBJC_MSGSEND = YES;
				ENABLE_TESTABILITY = YES;
				GCC_C_LANGUAGE_STANDARD = gnu11;
				GCC_DYNAMIC_NO_PIC = NO;
				GCC_NO_COMMON_BLOCKS = YES;
				GCC_OPTIMIZATION_LEVEL = 0;
				GCC_PREPROCESSOR_DEFINITIONS = (
					"DEBUG=1",
					"$(inherited)",
				);
				GCC_WARN_64_TO_32_BIT_CONVERSION = YES;
				GCC_WARN_ABOUT_RETURN_TYPE = YES_ERROR;
				GCC_WARN_UNDECLARED_SELECTOR = YES;
				GCC_WARN_UNINITIALIZED_AUTOS = YES_AGGRESSIVE;
				GCC_WARN_UNUSED_FUNCTION = YES;
				GCC_WARN_UNUSED_VARIABLE = YES;
				IPHONEOS_DEPLOYMENT_TARGET = 14.5;
				MTL_ENABLE_DEBUG_INFO = INCLUDE_SOURCE;
				MTL_FAST_MATH = YES;
				ONLY_ACTIVE_ARCH = YES;
				SDKROOT = iphoneos;
				SWIFT_ACTIVE_COMPILATION_CONDITIONS = DEBUG;
				SWIFT_OPTIMIZATION_LEVEL = "-Onone";
			};
			name = Debug;
		};
		6728878B264D50000070027A /* Release */ = {
			isa = XCBuildConfiguration;
			buildSettings = {
				ALWAYS_SEARCH_USER_PATHS = NO;
				CLANG_ANALYZER_NONNULL = YES;
				CLANG_ANALYZER_NUMBER_OBJECT_CONVERSION = YES_AGGRESSIVE;
				CLANG_CXX_LANGUAGE_STANDARD = "gnu++14";
				CLANG_CXX_LIBRARY = "libc++";
				CLANG_ENABLE_MODULES = YES;
				CLANG_ENABLE_OBJC_ARC = YES;
				CLANG_ENABLE_OBJC_WEAK = YES;
				CLANG_WARN_BLOCK_CAPTURE_AUTORELEASING = YES;
				CLANG_WARN_BOOL_CONVERSION = YES;
				CLANG_WARN_COMMA = YES;
				CLANG_WARN_CONSTANT_CONVERSION = YES;
				CLANG_WARN_DEPRECATED_OBJC_IMPLEMENTATIONS = YES;
				CLANG_WARN_DIRECT_OBJC_ISA_USAGE = YES_ERROR;
				CLANG_WARN_DOCUMENTATION_COMMENTS = YES;
				CLANG_WARN_EMPTY_BODY = YES;
				CLANG_WARN_ENUM_CONVERSION = YES;
				CLANG_WARN_INFINITE_RECURSION = YES;
				CLANG_WARN_INT_CONVERSION = YES;
				CLANG_WARN_NON_LITERAL_NULL_CONVERSION = YES;
				CLANG_WARN_OBJC_IMPLICIT_RETAIN_SELF = YES;
				CLANG_WARN_OBJC_LITERAL_CONVERSION = YES;
				CLANG_WARN_OBJC_ROOT_CLASS = YES_ERROR;
				CLANG_WARN_QUOTED_INCLUDE_IN_FRAMEWORK_HEADER = YES;
				CLANG_WARN_RANGE_LOOP_ANALYSIS = YES;
				CLANG_WARN_STRICT_PROTOTYPES = YES;
				CLANG_WARN_SUSPICIOUS_MOVE = YES;
				CLANG_WARN_UNGUARDED_AVAILABILITY = YES_AGGRESSIVE;
				CLANG_WARN_UNREACHABLE_CODE = YES;
				CLANG_WARN__DUPLICATE_METHOD_MATCH = YES;
				COPY_PHASE_STRIP = NO;
				DEBUG_INFORMATION_FORMAT = "dwarf-with-dsym";
				ENABLE_NS_ASSERTIONS = NO;
				ENABLE_STRICT_OBJC_MSGSEND = YES;
				GCC_C_LANGUAGE_STANDARD = gnu11;
				GCC_NO_COMMON_BLOCKS = YES;
				GCC_WARN_64_TO_32_BIT_CONVERSION = YES;
				GCC_WARN_ABOUT_RETURN_TYPE = YES_ERROR;
				GCC_WARN_UNDECLARED_SELECTOR = YES;
				GCC_WARN_UNINITIALIZED_AUTOS = YES_AGGRESSIVE;
				GCC_WARN_UNUSED_FUNCTION = YES;
				GCC_WARN_UNUSED_VARIABLE = YES;
				IPHONEOS_DEPLOYMENT_TARGET = 14.5;
				MTL_ENABLE_DEBUG_INFO = NO;
				MTL_FAST_MATH = YES;
				SDKROOT = iphoneos;
				SWIFT_COMPILATION_MODE = wholemodule;
				SWIFT_OPTIMIZATION_LEVEL = "-O";
				VALIDATE_PRODUCT = YES;
			};
			name = Release;
		};
		6728878D264D50000070027A /* Debug */ = {
			isa = XCBuildConfiguration;
			buildSettings = {
				ASSETCATALOG_COMPILER_APPICON_NAME = AppIcon;
				ASSETCATALOG_COMPILER_GLOBAL_ACCENT_COLOR_NAME = AccentColor;
				CODE_SIGN_STYLE = Automatic;
				DEVELOPMENT_ASSET_PATHS = "\"UI-184/Preview Content\"";
				ENABLE_PREVIEWS = YES;
				INFOPLIST_FILE = "UI-184/Info.plist";
				IPHONEOS_DEPLOYMENT_TARGET = 14.0;
				LD_RUNPATH_SEARCH_PATHS = (
					"$(inherited)",
					"@executable_path/Frameworks",
				);
				PRODUCT_BUNDLE_IDENTIFIER = "com.uzu.UI-184";
				PRODUCT_NAME = "$(TARGET_NAME)";
				SWIFT_VERSION = 5.0;
				TARGETED_DEVICE_FAMILY = "1,2";
			};
			name = Debug;
		};
		6728878E264D50000070027A /* Release */ = {
			isa = XCBuildConfiguration;
			buildSettings = {
				ASSETCATALOG_COMPILER_APPICON_NAME = AppIcon;
				ASSETCATALOG_COMPILER_GLOBAL_ACCENT_COLOR_NAME = AccentColor;
				CODE_SIGN_STYLE = Automatic;
				DEVELOPMENT_ASSET_PATHS = "\"UI-184/Preview Content\"";
				ENABLE_PREVIEWS = YES;
				INFOPLIST_FILE = "UI-184/Info.plist";
				IPHONEOS_DEPLOYMENT_TARGET = 14.0;
				LD_RUNPATH_SEARCH_PATHS = (
					"$(inherited)",
					"@executable_path/Frameworks",
				);
				PRODUCT_BUNDLE_IDENTIFIER = "com.uzu.UI-184";
				PRODUCT_NAME = "$(TARGET_NAME)";
				SWIFT_VERSION = 5.0;
				TARGETED_DEVICE_FAMILY = "1,2";
			};
			name = Release;
		};
/* End XCBuildConfiguration section */

/* Begin XCConfigurationList section */
		67288778264D4FFE0070027A /* Build configuration list for PBXProject "UI-184" */ = {
			isa = XCConfigurationList;
			buildConfigurations = (
				6728878A264D50000070027A /* Debug */,
				6728878B264D50000070027A /* Release */,
			);
			defaultConfigurationIsVisible = 0;
			defaultConfigurationName = Release;
		};
		6728878C264D50000070027A /* Build configuration list for PBXNativeTarget "UI-184" */ = {
			isa = XCConfigurationList;
			buildConfigurations = (
				6728878D264D50000070027A /* Debug */,
				6728878E264D50000070027A /* Release */,
			);
			defaultConfigurationIsVisible = 0;
			defaultConfigurationName = Release;
		};
/* End XCConfigurationList section */
	};
	rootObject = 67288775264D4FFE0070027A /* Project object */;
}
